
Microsoft Visual Studio Solution File, Format Version 12.00
# Visual Studio Version 16
VisualStudioVersion = 16.0.29926.136
MinimumVisualStudioVersion = 10.0.40219.1
Project("{FAE04EC0-301F-11D3-BF4B-00C04F79EFBC}") = "S.C.M", "S.C.M.csproj", "{A98B4CD9-548A-48D7-A851-07C90F8C836F}"
EndProject
Global
	GlobalSection(SolutionConfigurationPlatforms) = preSolution
		Debug|Any CPU = Debug|Any CPU
		Release|Any CPU = Release|Any CPU
	EndGlobalSection
	GlobalSection(ProjectConfigurationPlatforms) = postSolution
		{A98B4CD9-548A-48D7-A851-07C90F8C836F}.Debug|Any CPU.ActiveCfg = Debug|Any CPU
		{A98B4CD9-548A-48D7-A851-07C90F8C836F}.Debug|Any CPU.Build.0 = Debug|Any CPU
		{A98B4CD9-548A-48D7-A851-07C90F8C836F}.Release|Any CPU.ActiveCfg = Release|Any CPU
		{A98B4CD9-548A-48D7-A851-07C90F8C836F}.Release|Any CPU.Build.0 = Release|Any CPU
	EndGlobalSection
	GlobalSection(SolutionProperties) = preSolution
		HideSolutionNode = FALSE
	EndGlobalSection
	GlobalSection(ExtensibilityGlobals) = postSolution
		SolutionGuid = {919266EB-9491-4DF1-815A-8161C3B7157F}
	EndGlobalSection
EndGlobal
